
Microsoft Visual Studio Solution File, Format Version 12.00
# Visual Studio Version 17
VisualStudioVersion = 17.2.32526.322
MinimumVisualStudioVersion = 10.0.40219.1
Project("{FAE04EC0-301F-11D3-BF4B-00C04F79EFBC}") = "OyuncakSatis", "OyuncakSatis\OyuncakSatis.csproj", "{8C55A3C5-C35A-4D5F-962D-CB2118643D4D}"
EndProject
Global
	GlobalSection(SolutionConfigurationPlatforms) = preSolution
		Debug|Any CPU = Debug|Any CPU
		Release|Any CPU = Release|Any CPU
	EndGlobalSection
	GlobalSection(ProjectConfigurationPlatforms) = postSolution
		{8C55A3C5-C35A-4D5F-962D-CB2118643D4D}.Debug|Any CPU.ActiveCfg = Debug|Any CPU
		{8C55A3C5-C35A-4D5F-962D-CB2118643D4D}.Debug|Any CPU.Build.0 = Debug|Any CPU
		{8C55A3C5-C35A-4D5F-962D-CB2118643D4D}.Release|Any CPU.ActiveCfg = Release|Any CPU
		{8C55A3C5-C35A-4D5F-962D-CB2118643D4D}.Release|Any CPU.Build.0 = Release|Any CPU
	EndGlobalSection
	GlobalSection(SolutionProperties) = preSolution
		HideSolutionNode = FALSE
	EndGlobalSection
	GlobalSection(ExtensibilityGlobals) = postSolution
		SolutionGuid = {21BDD787-B105-4658-A2E2-5944E9222183}
	EndGlobalSection
EndGlobal
